
Microsoft Visual Studio Solution File, Format Version 12.00
# Visual Studio Version 17
VisualStudioVersion = 17.9.34728.123
MinimumVisualStudioVersion = 10.0.40219.1
Project("{9A19103F-16F7-4668-BE54-9A1E7A4F7556}") = "Rookies.Presentation", "Rookies.Presentation\Rookies.Presentation.csproj", "{8B295035-9D29-4579-A94A-8C181FE757E5}"
EndProject
Project("{9A19103F-16F7-4668-BE54-9A1E7A4F7556}") = "Rookies.Application", "Rookies.Application\Rookies.Application.csproj", "{D66404BF-C6C0-4EE5-9405-68D31FFC617C}"
EndProject
Project("{9A19103F-16F7-4668-BE54-9A1E7A4F7556}") = "Rookies.Domain", "Rookies.Domain\Rookies.Domain.csproj", "{52526AED-4DC0-477B-9BEA-93AD8CE8DF8B}"
EndProject
Project("{9A19103F-16F7-4668-BE54-9A1E7A4F7556}") = "Rookies.Share", "Rookies.Share\Rookies.Share.csproj", "{73733757-0C5A-4419-9663-30E29EC304FA}"
EndProject
Project("{FAE04EC0-301F-11D3-BF4B-00C04F79EFBC}") = "Rookies.Infrastructure", "Rookies.Infrastructure\Rookies.Infrastructure.csproj", "{8E715082-2495-484C-9E1C-B5AC2FA5C75B}"
EndProject
Global
	GlobalSection(SolutionConfigurationPlatforms) = preSolution
		Debug|Any CPU = Debug|Any CPU
		Release|Any CPU = Release|Any CPU
	EndGlobalSection
	GlobalSection(ProjectConfigurationPlatforms) = postSolution
		{8B295035-9D29-4579-A94A-8C181FE757E5}.Debug|Any CPU.ActiveCfg = Debug|Any CPU
		{8B295035-9D29-4579-A94A-8C181FE757E5}.Debug|Any CPU.Build.0 = Debug|Any CPU
		{8B295035-9D29-4579-A94A-8C181FE757E5}.Release|Any CPU.ActiveCfg = Release|Any CPU
		{8B295035-9D29-4579-A94A-8C181FE757E5}.Release|Any CPU.Build.0 = Release|Any CPU
		{D66404BF-C6C0-4EE5-9405-68D31FFC617C}.Debug|Any CPU.ActiveCfg = Debug|Any CPU
		{D66404BF-C6C0-4EE5-9405-68D31FFC617C}.Debug|Any CPU.Build.0 = Debug|Any CPU
		{D66404BF-C6C0-4EE5-9405-68D31FFC617C}.Release|Any CPU.ActiveCfg = Release|Any CPU
		{D66404BF-C6C0-4EE5-9405-68D31FFC617C}.Release|Any CPU.Build.0 = Release|Any CPU
		{52526AED-4DC0-477B-9BEA-93AD8CE8DF8B}.Debug|Any CPU.ActiveCfg = Debug|Any CPU
		{52526AED-4DC0-477B-9BEA-93AD8CE8DF8B}.Debug|Any CPU.Build.0 = Debug|Any CPU
		{52526AED-4DC0-477B-9BEA-93AD8CE8DF8B}.Release|Any CPU.ActiveCfg = Release|Any CPU
		{52526AED-4DC0-477B-9BEA-93AD8CE8DF8B}.Release|Any CPU.Build.0 = Release|Any CPU
		{73733757-0C5A-4419-9663-30E29EC304FA}.Debug|Any CPU.ActiveCfg = Debug|Any CPU
		{73733757-0C5A-4419-9663-30E29EC304FA}.Debug|Any CPU.Build.0 = Debug|Any CPU
		{73733757-0C5A-4419-9663-30E29EC304FA}.Release|Any CPU.ActiveCfg = Release|Any CPU
		{73733757-0C5A-4419-9663-30E29EC304FA}.Release|Any CPU.Build.0 = Release|Any CPU
		{8E715082-2495-484C-9E1C-B5AC2FA5C75B}.Debug|Any CPU.ActiveCfg = Debug|Any CPU
		{8E715082-2495-484C-9E1C-B5AC2FA5C75B}.Debug|Any CPU.Build.0 = Debug|Any CPU
		{8E715082-2495-484C-9E1C-B5AC2FA5C75B}.Release|Any CPU.ActiveCfg = Release|Any CPU
		{8E715082-2495-484C-9E1C-B5AC2FA5C75B}.Release|Any CPU.Build.0 = Release|Any CPU
	EndGlobalSection
	GlobalSection(SolutionProperties) = preSolution
		HideSolutionNode = FALSE
	EndGlobalSection
	GlobalSection(ExtensibilityGlobals) = postSolution
		SolutionGuid = {F296807C-A4B7-4B91-98A0-62AB3EFF67EC}
	EndGlobalSection
EndGlobal
